<?xml version="1.0" encoding="UTF-8" standalone="yes" ?>
<CodeBlocks_project_file>
	<FileVersion major="1" minor="6" />
	<Project>
		<Option title="_cplusplus" />
		<Option pch_mode="2" />
		<Option compiler="gcc" />
		<Build>
			<Target title="Debug">
				<Option output="bin/Debug/_cplusplus" prefix_auto="1" extension_auto="1" />
				<Option object_output="obj/Debug/" />
				<Option type="1" />
				<Option compiler="gcc" />
				<Compiler>
					<Add option="-g" />
				</Compiler>
			</Target>
			<Target title="Release">
				<Option output="bin/Release/_cplusplus" prefix_auto="1" extension_auto="1" />
				<Option object_output="obj/Release/" />
				<Option type="1" />
				<Option compiler="gcc" />
				<Compiler>
					<Add option="-O2" />
				</Compiler>
				<Linker>
					<Add option="-s" />
				</Linker>
			</Target>
		</Build>
		<Compiler>
			<Add option="-Wall" />
			<Add option="-fexceptions" />
		</Compiler>
		<Unit filename="../../geeks4geeks/_c++/_c_plus_plus/_minimum_number_of_swaps_required_to_sort_an_array.h" />
		<Unit filename="../../geeks4geeks/_c++/amazon_hard/_k_maximum_sum_combinations_from_two_arrays.h" />
		<Unit filename="295_find_median_from_data_stream." />
		<Unit filename="_1160_campus_bikes.h" />
		<Unit filename="_1249_minimum_remove_to_make_valid_parentheses" />
		<Unit filename="_1249_minimum_remove_to_make_valid_parentheses.h" />
		<Unit filename="_1311_lowest_common_ancestor_of_a_binary_search_tree.h" />
		<Unit filename="_1353_maximum_number_of_events_that_can_be_attended.h" />
		<Unit filename="_1425_constrained_subsequence_sum.h" />
		<Unit filename="_1438_longest_continuous_subarray_with_absolute_diff_less_than_or_equal_to_limit.h" />
		<Unit filename="_1514_robot_room_cleaner.h" />
		<Unit filename="_1801_number_of_orders_in_the_backlog.h" />
		<Unit filename="_1872_minimum_cost_to_connect_sticks.h" />
		<Unit filename="_1897_meeting_room_iii.h" />
		<Unit filename="_215_kth_largest_element_in_an_array.h" />
		<Unit filename="_239_sliding_window_maximum.h" />
		<Unit filename="_23_merge_k_sorted_lists.h" />
		<Unit filename="_295_find_median_from_data_stream.h" />
		<Unit filename="_300_meeting_room_iv.h" />
		<Unit filename="_347_top_k_frequent_elements.h" />
		<Unit filename="_431_connected_component_in_undirected_graph.h" />
		<Unit filename="_551_nested_list_weight_sum.h" />
		<Unit filename="_578_lowest_common_ancestor_iii.h" />
		<Unit filename="_597_subtree_with_maximum_average.h" />
		<Unit filename="_609_two_sum_less_than_or_equal_to_target.h" />
		<Unit filename="_627_longest_palindrome.h" />
		<Unit filename="_637_valid_word_abbreviation.h" />
		<Unit filename="_641_missing_ranges.h" />
		<Unit filename="_651_binary_tree_vertical_order_traversal.h" />
		<Unit filename="_663_walls_and_gates.h" />
		<Unit filename="_675_cut_off_trees_for_golf_event.h" />
		<Unit filename="_692_top_k_frequent_words.h" />
		<Unit filename="_703_kth_largest_element_in_a_stream" />
		<Unit filename="_703_kth_largest_element_in_a_stream.h" />
		<Unit filename="_760_binary_tree_right_side_view.h" />
		<Unit filename="_767_reorganize_string.h" />
		<Unit filename="_868_maximum_average_subarray.h" />
		<Unit filename="_878_boundary_of_binary_tree.h" />
		<Unit filename="_880_construct_binary_tree_from_string.h" />
		<Unit filename="_88_lowest_common_ancestor_of_a_binary_tree.h" />
		<Unit filename="_903_range_addition.h" />
		<Unit filename="_905_nested_list_weight_sum_ii.h" />
		<Unit filename="_919_meeting_rooms_ii.h" />
		<Unit filename="_920_meeting_rooms.h" />
		<Unit filename="_922_group_shifted_strings.h" />
		<Unit filename="_973_k_closest_points_to_origin.h" />
		<Unit filename="_amaon_oa_jon_backyard_tree_cutting.h" />
		<Unit filename="_amazon_oa_minimum_number_of_divisions.h" />
		<Unit filename="_linked_list_sum.h" />
		<Unit filename="main.cpp" />
		<Extensions>
			<code_completion />
			<debugger />
		</Extensions>
	</Project>
</CodeBlocks_project_file>
